
Microsoft Visual Studio Solution File, Format Version 12.00
# Visual Studio Version 17
VisualStudioVersion = 17.13.35931.197
MinimumVisualStudioVersion = 10.0.40219.1
Project("{9A19103F-16F7-4668-BE54-9A1E7A4F7556}") = "ChefKnifeStudios.ExpenseTracker.Data", "ChefKnifeStudios.ExpenseTracker.Data\ChefKnifeStudios.ExpenseTracker.Data.csproj", "{6FD318E1-F6B7-46F6-A98B-EAADC07123A9}"
EndProject
Project("{FAE04EC0-301F-11D3-BF4B-00C04F79EFBC}") = "ChefKnifeStudios.ExpenseTracker.MobileApp", "ChefKnifeStudios.ExpenseTracker.MobileApp\ChefKnifeStudios.ExpenseTracker.MobileApp.csproj", "{3B7CF9BE-9D30-437D-96AB-84DEFB79E09F}"
EndProject
Project("{FAE04EC0-301F-11D3-BF4B-00C04F79EFBC}") = "ChefKnifeStudios.ExpenseTracker.Shared", "ChefKnifeStudios.ExpenseTracker.Shared\ChefKnifeStudios.ExpenseTracker.Shared.csproj", "{813EF380-AF4A-4958-8514-430749CA045B}"
EndProject
Project("{FAE04EC0-301F-11D3-BF4B-00C04F79EFBC}") = "ChefKnifeStudios.ExpenseTracker.WebAPI", "ChefKnifeStudios.ExpenseTracker.WebAPI\ChefKnifeStudios.ExpenseTracker.WebAPI.csproj", "{5CE1420D-90BE-470A-BBFB-7F5203900E74}"
EndProject
Project("{FAE04EC0-301F-11D3-BF4B-00C04F79EFBC}") = "ChefKnifeStudios.ExpenseTracker.MockData", "ChefKnifeStudios.ExpenseTracker.MockData\ChefKnifeStudios.ExpenseTracker.MockData.csproj", "{8A11739D-06EB-4FFB-9C43-106A060BBEAA}"
EndProject
Global
	GlobalSection(SolutionConfigurationPlatforms) = preSolution
		Debug|Any CPU = Debug|Any CPU
		Release|Any CPU = Release|Any CPU
	EndGlobalSection
	GlobalSection(ProjectConfigurationPlatforms) = postSolution
		{6FD318E1-F6B7-46F6-A98B-EAADC07123A9}.Debug|Any CPU.ActiveCfg = Debug|Any CPU
		{6FD318E1-F6B7-46F6-A98B-EAADC07123A9}.Debug|Any CPU.Build.0 = Debug|Any CPU
		{6FD318E1-F6B7-46F6-A98B-EAADC07123A9}.Release|Any CPU.ActiveCfg = Release|Any CPU
		{6FD318E1-F6B7-46F6-A98B-EAADC07123A9}.Release|Any CPU.Build.0 = Release|Any CPU
		{3B7CF9BE-9D30-437D-96AB-84DEFB79E09F}.Debug|Any CPU.ActiveCfg = Debug|Any CPU
		{3B7CF9BE-9D30-437D-96AB-84DEFB79E09F}.Debug|Any CPU.Build.0 = Debug|Any CPU
		{3B7CF9BE-9D30-437D-96AB-84DEFB79E09F}.Debug|Any CPU.Deploy.0 = Debug|Any CPU
		{3B7CF9BE-9D30-437D-96AB-84DEFB79E09F}.Release|Any CPU.ActiveCfg = Release|Any CPU
		{3B7CF9BE-9D30-437D-96AB-84DEFB79E09F}.Release|Any CPU.Build.0 = Release|Any CPU
		{813EF380-AF4A-4958-8514-430749CA045B}.Debug|Any CPU.ActiveCfg = Debug|Any CPU
		{813EF380-AF4A-4958-8514-430749CA045B}.Debug|Any CPU.Build.0 = Debug|Any CPU
		{813EF380-AF4A-4958-8514-430749CA045B}.Release|Any CPU.ActiveCfg = Release|Any CPU
		{813EF380-AF4A-4958-8514-430749CA045B}.Release|Any CPU.Build.0 = Release|Any CPU
		{5CE1420D-90BE-470A-BBFB-7F5203900E74}.Debug|Any CPU.ActiveCfg = Debug|Any CPU
		{5CE1420D-90BE-470A-BBFB-7F5203900E74}.Debug|Any CPU.Build.0 = Debug|Any CPU
		{5CE1420D-90BE-470A-BBFB-7F5203900E74}.Release|Any CPU.ActiveCfg = Release|Any CPU
		{5CE1420D-90BE-470A-BBFB-7F5203900E74}.Release|Any CPU.Build.0 = Release|Any CPU
		{8A11739D-06EB-4FFB-9C43-106A060BBEAA}.Debug|Any CPU.ActiveCfg = Debug|Any CPU
		{8A11739D-06EB-4FFB-9C43-106A060BBEAA}.Debug|Any CPU.Build.0 = Debug|Any CPU
		{8A11739D-06EB-4FFB-9C43-106A060BBEAA}.Release|Any CPU.ActiveCfg = Release|Any CPU
		{8A11739D-06EB-4FFB-9C43-106A060BBEAA}.Release|Any CPU.Build.0 = Release|Any CPU
	EndGlobalSection
	GlobalSection(SolutionProperties) = preSolution
		HideSolutionNode = FALSE
	EndGlobalSection
	GlobalSection(ExtensibilityGlobals) = postSolution
		SolutionGuid = {44F0D70E-8F61-4644-83DD-0BEEC5609875}
	EndGlobalSection
EndGlobal
